Microsoft Visual Studio Solution File, Format Version 12.00
# Visual Studio 2012
Project("{FAE04EC0-301F-11D3-BF4B-00C04F79EFBC}") = "Pixel Wall-E Compiler", "Pixel Wall-E Compiler.csproj", "{A2AFE3AC-8D83-4C9A-A958-A77B0726FA97}"
EndProject
Global
	GlobalSection(SolutionConfigurationPlatforms) = preSolution
	Debug|Any CPU = Debug|Any CPU
	ExportDebug|Any CPU = ExportDebug|Any CPU
	ExportRelease|Any CPU = ExportRelease|Any CPU
	EndGlobalSection
	GlobalSection(ProjectConfigurationPlatforms) = postSolution
		{A2AFE3AC-8D83-4C9A-A958-A77B0726FA97}.Debug|Any CPU.ActiveCfg = Debug|Any CPU
		{A2AFE3AC-8D83-4C9A-A958-A77B0726FA97}.Debug|Any CPU.Build.0 = Debug|Any CPU
		{A2AFE3AC-8D83-4C9A-A958-A77B0726FA97}.ExportDebug|Any CPU.ActiveCfg = ExportDebug|Any CPU
		{A2AFE3AC-8D83-4C9A-A958-A77B0726FA97}.ExportDebug|Any CPU.Build.0 = ExportDebug|Any CPU
		{A2AFE3AC-8D83-4C9A-A958-A77B0726FA97}.ExportRelease|Any CPU.ActiveCfg = ExportRelease|Any CPU
		{A2AFE3AC-8D83-4C9A-A958-A77B0726FA97}.ExportRelease|Any CPU.Build.0 = ExportRelease|Any CPU
	EndGlobalSection
EndGlobal
